// !$*UTF8*$!
{
	archiveVersion = 1;
	classes = {
	};
	objectVersion = 56;
	objects = {

/* Begin PBXBuildFile section */
		C4A573F22ACC81B0009D16DA /* AppDelegate.swift in Sources */ = {isa = PBXBuildFile; fileRef = C4A573F12ACC81B0009D16DA /* AppDelegate.swift */; };
		C4A573F42ACC81B0009D16DA /* SceneDelegate.swift in Sources */ = {isa = PBXBuildFile; fileRef = C4A573F32ACC81B0009D16DA /* SceneDelegate.swift */; };
		C4A573F62ACC81B0009D16DA /* ViewController.swift in Sources */ = {isa = PBXBuildFile; fileRef = C4A573F52ACC81B0009D16DA /* ViewController.swift */; };
		C4A573FB2ACC81B1009D16DA /* Assets.xcassets in Resources */ = {isa = PBXBuildFile; fileRef = C4A573FA2ACC81B1009D16DA /* Assets.xcassets */; };
		C4A573FE2ACC81B1009D16DA /* LaunchScreen.storyboard in Resources */ = {isa = PBXBuildFile; fileRef = C4A573FC2ACC81B1009D16DA /* LaunchScreen.storyboard */; };
		C4A574092ACC81B1009D16DA /* RandomUserTests.swift in Sources */ = {isa = PBXBuildFile; fileRef = C4A574082ACC81B1009D16DA /* RandomUserTests.swift */; };
		C4A574132ACC81B1009D16DA /* RandomUserUITests.swift in Sources */ = {isa = PBXBuildFile; fileRef = C4A574122ACC81B1009D16DA /* RandomUserUITests.swift */; };
		C4A574152ACC81B1009D16DA /* RandomUserUITestsLaunchTests.swift in Sources */ = {isa = PBXBuildFile; fileRef = C4A574142ACC81B1009D16DA /* RandomUserUITestsLaunchTests.swift */; };
		C4A574252ACC839B009D16DA /* Page.swift in Sources */ = {isa = PBXBuildFile; fileRef = C4A574242ACC839B009D16DA /* Page.swift */; };
		C4A574302ACC8484009D16DA /* SnapKit in Frameworks */ = {isa = PBXBuildFile; productRef = C4A5742F2ACC8484009D16DA /* SnapKit */; };
		C4A574332ACC84A6009D16DA /* RxCocoa in Frameworks */ = {isa = PBXBuildFile; productRef = C4A574322ACC84A6009D16DA /* RxCocoa */; };
		C4A574352ACC84A6009D16DA /* RxRelay in Frameworks */ = {isa = PBXBuildFile; productRef = C4A574342ACC84A6009D16DA /* RxRelay */; };
		C4A574372ACC84A6009D16DA /* RxSwift in Frameworks */ = {isa = PBXBuildFile; productRef = C4A574362ACC84A6009D16DA /* RxSwift */; };
		C4A5743A2ACC84C7009D16DA /* Alamofire in Frameworks */ = {isa = PBXBuildFile; productRef = C4A574392ACC84C7009D16DA /* Alamofire */; };
		C4A5743D2ACC84DC009D16DA /* Then in Frameworks */ = {isa = PBXBuildFile; productRef = C4A5743C2ACC84DC009D16DA /* Then */; };
		C4A574402ACC8505009D16DA /* Kingfisher in Frameworks */ = {isa = PBXBuildFile; productRef = C4A5743F2ACC8505009D16DA /* Kingfisher */; };
/* End PBXBuildFile section */

/* Begin PBXContainerItemProxy section */
		C4A574052ACC81B1009D16DA /* PBXContainerItemProxy */ = {
			isa = PBXContainerItemProxy;
			containerPortal = C4A573E62ACC81B0009D16DA /* Project object */;
			proxyType = 1;
			remoteGlobalIDString = C4A573ED2ACC81B0009D16DA;
			remoteInfo = RandomUser;
		};
		C4A5740F2ACC81B1009D16DA /* PBXContainerItemProxy */ = {
			isa = PBXContainerItemProxy;
			containerPortal = C4A573E62ACC81B0009D16DA /* Project object */;
			proxyType = 1;
			remoteGlobalIDString = C4A573ED2ACC81B0009D16DA;
			remoteInfo = RandomUser;
		};
/* End PBXContainerItemProxy section */

/* Begin PBXFileReference section */
		C4A573EE2ACC81B0009D16DA /* RandomUser.app */ = {isa = PBXFileReference; explicitFileType = wrapper.application; includeInIndex = 0; path = RandomUser.app; sourceTree = BUILT_PRODUCTS_DIR; };
		C4A573F12ACC81B0009D16DA /* AppDelegate.swift */ = {isa = PBXFileReference; lastKnownFileType = sourcecode.swift; path = AppDelegate.swift; sourceTree = "<group>"; };
		C4A573F32ACC81B0009D16DA /* SceneDelegate.swift */ = {isa = PBXFileReference; lastKnownFileType = sourcecode.swift; path = SceneDelegate.swift; sourceTree = "<group>"; };
		C4A573F52ACC81B0009D16DA /* ViewController.swift */ = {isa = PBXFileReference; lastKnownFileType = sourcecode.swift; path = ViewController.swift; sourceTree = "<group>"; };
		C4A573FA2ACC81B1009D16DA /* Assets.xcassets */ = {isa = PBXFileReference; lastKnownFileType = folder.assetcatalog; path = Assets.xcassets; sourceTree = "<group>"; };
		C4A573FD2ACC81B1009D16DA /* Base */ = {isa = PBXFileReference; lastKnownFileType = file.storyboard; name = Base; path = Base.lproj/LaunchScreen.storyboard; sourceTree = "<group>"; };
		C4A573FF2ACC81B1009D16DA /* Info.plist */ = {isa = PBXFileReference; lastKnownFileType = text.plist.xml; path = Info.plist; sourceTree = "<group>"; };
		C4A574042ACC81B1009D16DA /* RandomUserTests.xctest */ = {isa = PBXFileReference; explicitFileType = wrapper.cfbundle; includeInIndex = 0; path = RandomUserTests.xctest; sourceTree = BUILT_PRODUCTS_DIR; };
		C4A574082ACC81B1009D16DA /* RandomUserTests.swift */ = {isa = PBXFileReference; lastKnownFileType = sourcecode.swift; path = RandomUserTests.swift; sourceTree = "<group>"; };
		C4A5740E2ACC81B1009D16DA /* RandomUserUITests.xctest */ = {isa = PBXFileReference; explicitFileType = wrapper.cfbundle; includeInIndex = 0; path = RandomUserUITests.xctest; sourceTree = BUILT_PRODUCTS_DIR; };
		C4A574122ACC81B1009D16DA /* RandomUserUITests.swift */ = {isa = PBXFileReference; lastKnownFileType = sourcecode.swift; path = RandomUserUITests.swift; sourceTree = "<group>"; };
		C4A574142ACC81B1009D16DA /* RandomUserUITestsLaunchTests.swift */ = {isa = PBXFileReference; lastKnownFileType = sourcecode.swift; path = RandomUserUITestsLaunchTests.swift; sourceTree = "<group>"; };
		C4A574242ACC839B009D16DA /* Page.swift */ = {isa = PBXFileReference; lastKnownFileType = sourcecode.swift; path = Page.swift; sourceTree = "<group>"; };
/* End PBXFileReference section */

/* Begin PBXFrameworksBuildPhase section */
		C4A573EB2ACC81B0009D16DA /* Frameworks */ = {
			isa = PBXFrameworksBuildPhase;
			buildActionMask = 2147483647;
			files = (
				C4A5743A2ACC84C7009D16DA /* Alamofire in Frameworks */,
				C4A5743D2ACC84DC009D16DA /* Then in Frameworks */,
				C4A574402ACC8505009D16DA /* Kingfisher in Frameworks */,
				C4A574352ACC84A6009D16DA /* RxRelay in Frameworks */,
				C4A574332ACC84A6009D16DA /* RxCocoa in Frameworks */,
				C4A574372ACC84A6009D16DA /* RxSwift in Frameworks */,
				C4A574302ACC8484009D16DA /* SnapKit in Frameworks */,
			);
			runOnlyForDeploymentPostprocessing = 0;
		};
		C4A574012ACC81B1009D16DA /* Frameworks */ = {
			isa = PBXFrameworksBuildPhase;
			buildActionMask = 2147483647;
			files = (
			);
			runOnlyForDeploymentPostprocessing = 0;
		};
		C4A5740B2ACC81B1009D16DA /* Frameworks */ = {
			isa = PBXFrameworksBuildPhase;
			buildActionMask = 2147483647;
			files = (
			);
			runOnlyForDeploymentPostprocessing = 0;
		};
/* End PBXFrameworksBuildPhase section */

/* Begin PBXGroup section */
		C4A573E52ACC81B0009D16DA = {
			isa = PBXGroup;
			children = (
				C4A573F02ACC81B0009D16DA /* RandomUser */,
				C4A574072ACC81B1009D16DA /* RandomUserTests */,
				C4A574112ACC81B1009D16DA /* RandomUserUITests */,
				C4A573EF2ACC81B0009D16DA /* Products */,
			);
			sourceTree = "<group>";
		};
		C4A573EF2ACC81B0009D16DA /* Products */ = {
			isa = PBXGroup;
			children = (
				C4A573EE2ACC81B0009D16DA /* RandomUser.app */,
				C4A574042ACC81B1009D16DA /* RandomUserTests.xctest */,
				C4A5740E2ACC81B1009D16DA /* RandomUserUITests.xctest */,
			);
			name = Products;
			sourceTree = "<group>";
		};
		C4A573F02ACC81B0009D16DA /* RandomUser */ = {
			isa = PBXGroup;
			children = (
				C4A5742D2ACC843F009D16DA /* Abstract */,
				C4A5742C2ACC842F009D16DA /* Root */,
				C4A5742B2ACC83EE009D16DA /* Extension */,
				C4A5742A2ACC83E8009D16DA /* Service */,
				C4A574282ACC83D6009D16DA /* Factory */,
				C4A574272ACC83C8009D16DA /* Util */,
				C4A574262ACC83B6009D16DA /* Assets */,
				C4A574212ACC8383009D16DA /* Entity */,
				C4A574292ACC83DC009D16DA /* View */,
				C4A573F12ACC81B0009D16DA /* AppDelegate.swift */,
				C4A573F32ACC81B0009D16DA /* SceneDelegate.swift */,
				C4A573F52ACC81B0009D16DA /* ViewController.swift */,
				C4A573FA2ACC81B1009D16DA /* Assets.xcassets */,
				C4A573FC2ACC81B1009D16DA /* LaunchScreen.storyboard */,
				C4A573FF2ACC81B1009D16DA /* Info.plist */,
			);
			path = RandomUser;
			sourceTree = "<group>";
		};
		C4A574072ACC81B1009D16DA /* RandomUserTests */ = {
			isa = PBXGroup;
			children = (
				C4A574082ACC81B1009D16DA /* RandomUserTests.swift */,
			);
			path = RandomUserTests;
			sourceTree = "<group>";
		};
		C4A574112ACC81B1009D16DA /* RandomUserUITests */ = {
			isa = PBXGroup;
			children = (
				C4A574122ACC81B1009D16DA /* RandomUserUITests.swift */,
				C4A574142ACC81B1009D16DA /* RandomUserUITestsLaunchTests.swift */,
			);
			path = RandomUserUITests;
			sourceTree = "<group>";
		};
		C4A574212ACC8383009D16DA /* Entity */ = {
			isa = PBXGroup;
			children = (
				C4A574232ACC8393009D16DA /* Response */,
				C4A574222ACC838E009D16DA /* Request */,
			);
			path = Entity;
			sourceTree = "<group>";
		};
		C4A574222ACC838E009D16DA /* Request */ = {
			isa = PBXGroup;
			children = (
				C4A574242ACC839B009D16DA /* Page.swift */,
			);
			path = Request;
			sourceTree = "<group>";
		};
		C4A574232ACC8393009D16DA /* Response */ = {
			isa = PBXGroup;
			children = (
			);
			path = Response;
			sourceTree = "<group>";
		};
		C4A574262ACC83B6009D16DA /* Assets */ = {
			isa = PBXGroup;
			children = (
			);
			path = Assets;
			sourceTree = "<group>";
		};
		C4A574272ACC83C8009D16DA /* Util */ = {
			isa = PBXGroup;
			children = (
			);
			path = Util;
			sourceTree = "<group>";
		};
		C4A574282ACC83D6009D16DA /* Factory */ = {
			isa = PBXGroup;
			children = (
			);
			path = Factory;
			sourceTree = "<group>";
		};
		C4A574292ACC83DC009D16DA /* View */ = {
			isa = PBXGroup;
			children = (
			);
			path = View;
			sourceTree = "<group>";
		};
		C4A5742A2ACC83E8009D16DA /* Service */ = {
			isa = PBXGroup;
			children = (
			);
			path = Service;
			sourceTree = "<group>";
		};
		C4A5742B2ACC83EE009D16DA /* Extension */ = {
			isa = PBXGroup;
			children = (
			);
			path = Extension;
			sourceTree = "<group>";
		};
		C4A5742C2ACC842F009D16DA /* Root */ = {
			isa = PBXGroup;
			children = (
			);
			path = Root;
			sourceTree = "<group>";
		};
		C4A5742D2ACC843F009D16DA /* Abstract */ = {
			isa = PBXGroup;
			children = (
			);
			path = Abstract;
			sourceTree = "<group>";
		};
/* End PBXGroup section */

/* Begin PBXNativeTarget section */
		C4A573ED2ACC81B0009D16DA /* RandomUser */ = {
			isa = PBXNativeTarget;
			buildConfigurationList = C4A574182ACC81B1009D16DA /* Build configuration list for PBXNativeTarget "RandomUser" */;
			buildPhases = (
				C4A573EA2ACC81B0009D16DA /* Sources */,
				C4A573EB2ACC81B0009D16DA /* Frameworks */,
				C4A573EC2ACC81B0009D16DA /* Resources */,
			);
			buildRules = (
			);
			dependencies = (
			);
			name = RandomUser;
			packageProductDependencies = (
				C4A5742F2ACC8484009D16DA /* SnapKit */,
				C4A574322ACC84A6009D16DA /* RxCocoa */,
				C4A574342ACC84A6009D16DA /* RxRelay */,
				C4A574362ACC84A6009D16DA /* RxSwift */,
				C4A574392ACC84C7009D16DA /* Alamofire */,
				C4A5743C2ACC84DC009D16DA /* Then */,
				C4A5743F2ACC8505009D16DA /* Kingfisher */,
			);
			productName = RandomUser;
			productReference = C4A573EE2ACC81B0009D16DA /* RandomUser.app */;
			productType = "com.apple.product-type.application";
		};
		C4A574032ACC81B1009D16DA /* RandomUserTests */ = {
			isa = PBXNativeTarget;
			buildConfigurationList = C4A5741B2ACC81B1009D16DA /* Build configuration list for PBXNativeTarget "RandomUserTests" */;
			buildPhases = (
				C4A574002ACC81B1009D16DA /* Sources */,
				C4A574012ACC81B1009D16DA /* Frameworks */,
				C4A574022ACC81B1009D16DA /* Resources */,
			);
			buildRules = (
			);
			dependencies = (
				C4A574062ACC81B1009D16DA /* PBXTargetDependency */,
			);
			name = RandomUserTests;
			productName = RandomUserTests;
			productReference = C4A574042ACC81B1009D16DA /* RandomUserTests.xctest */;
			productType = "com.apple.product-type.bundle.unit-test";
		};
		C4A5740D2ACC81B1009D16DA /* RandomUserUITests */ = {
			isa = PBXNativeTarget;
			buildConfigurationList = C4A5741E2ACC81B1009D16DA /* Build configuration list for PBXNativeTarget "RandomUserUITests" */;
			buildPhases = (
				C4A5740A2ACC81B1009D16DA /* Sources */,
				C4A5740B2ACC81B1009D16DA /* Frameworks */,
				C4A5740C2ACC81B1009D16DA /* Resources */,
			);
			buildRules = (
			);
			dependencies = (
				C4A574102ACC81B1009D16DA /* PBXTargetDependency */,
			);
			name = RandomUserUITests;
			productName = RandomUserUITests;
			productReference = C4A5740E2ACC81B1009D16DA /* RandomUserUITests.xctest */;
			productType = "com.apple.product-type.bundle.ui-testing";
		};
/* End PBXNativeTarget section */

/* Begin PBXProject section */
		C4A573E62ACC81B0009D16DA /* Project object */ = {
			isa = PBXProject;
			attributes = {
				BuildIndependentTargetsInParallel = 1;
				LastSwiftUpdateCheck = 1410;
				LastUpgradeCheck = 1410;
				TargetAttributes = {
					C4A573ED2ACC81B0009D16DA = {
						CreatedOnToolsVersion = 14.1;
					};
					C4A574032ACC81B1009D16DA = {
						CreatedOnToolsVersion = 14.1;
						TestTargetID = C4A573ED2ACC81B0009D16DA;
					};
					C4A5740D2ACC81B1009D16DA = {
						CreatedOnToolsVersion = 14.1;
						TestTargetID = C4A573ED2ACC81B0009D16DA;
					};
				};
			};
			buildConfigurationList = C4A573E92ACC81B0009D16DA /* Build configuration list for PBXProject "RandomUser" */;
			compatibilityVersion = "Xcode 14.0";
			developmentRegion = en;
			hasScannedForEncodings = 0;
			knownRegions = (
				en,
				Base,
			);
			mainGroup = C4A573E52ACC81B0009D16DA;
			packageReferences = (
				C4A5742E2ACC8484009D16DA /* XCRemoteSwiftPackageReference "SnapKit" */,
				C4A574312ACC84A6009D16DA /* XCRemoteSwiftPackageReference "RxSwift" */,
				C4A574382ACC84C7009D16DA /* XCRemoteSwiftPackageReference "Alamofire" */,
				C4A5743B2ACC84DC009D16DA /* XCRemoteSwiftPackageReference "Then" */,
				C4A5743E2ACC8505009D16DA /* XCRemoteSwiftPackageReference "Kingfisher" */,
			);
			productRefGroup = C4A573EF2ACC81B0009D16DA /* Products */;
			projectDirPath = "";
			projectRoot = "";
			targets = (
				C4A573ED2ACC81B0009D16DA /* RandomUser */,
				C4A574032ACC81B1009D16DA /* RandomUserTests */,
				C4A5740D2ACC81B1009D16DA /* RandomUserUITests */,
			);
		};
/* End PBXProject section */

/* Begin PBXResourcesBuildPhase section */
		C4A573EC2ACC81B0009D16DA /* Resources */ = {
			isa = PBXResourcesBuildPhase;
			buildActionMask = 2147483647;
			files = (
				C4A573FE2ACC81B1009D16DA /* LaunchScreen.storyboard in Resources */,
				C4A573FB2ACC81B1009D16DA /* Assets.xcassets in Resources */,
			);
			runOnlyForDeploymentPostprocessing = 0;
		};
		C4A574022ACC81B1009D16DA /* Resources */ = {
			isa = PBXResourcesBuildPhase;
			buildActionMask = 2147483647;
			files = (
			);
			runOnlyForDeploymentPostprocessing = 0;
		};
		C4A5740C2ACC81B1009D16DA /* Resources */ = {
			isa = PBXResourcesBuildPhase;
			buildActionMask = 2147483647;
			files = (
			);
			runOnlyForDeploymentPostprocessing = 0;
		};
/* End PBXResourcesBuildPhase section */

/* Begin PBXSourcesBuildPhase section */
		C4A573EA2ACC81B0009D16DA /* Sources */ = {
			isa = PBXSourcesBuildPhase;
			buildActionMask = 2147483647;
			files = (
				C4A573F62ACC81B0009D16DA /* ViewController.swift in Sources */,
				C4A573F22ACC81B0009D16DA /* AppDelegate.swift in Sources */,
				C4A574252ACC839B009D16DA /* Page.swift in Sources */,
				C4A573F42ACC81B0009D16DA /* SceneDelegate.swift in Sources */,
			);
			runOnlyForDeploymentPostprocessing = 0;
		};
		C4A574002ACC81B1009D16DA /* Sources */ = {
			isa = PBXSourcesBuildPhase;
			buildActionMask = 2147483647;
			files = (
				C4A574092ACC81B1009D16DA /* RandomUserTests.swift in Sources */,
			);
			runOnlyForDeploymentPostprocessing = 0;
		};
		C4A5740A2ACC81B1009D16DA /* Sources */ = {
			isa = PBXSourcesBuildPhase;
			buildActionMask = 2147483647;
			files = (
				C4A574152ACC81B1009D16DA /* RandomUserUITestsLaunchTests.swift in Sources */,
				C4A574132ACC81B1009D16DA /* RandomUserUITests.swift in Sources */,
			);
			runOnlyForDeploymentPostprocessing = 0;
		};
/* End PBXSourcesBuildPhase section */

/* Begin PBXTargetDependency section */
		C4A574062ACC81B1009D16DA /* PBXTargetDependency */ = {
			isa = PBXTargetDependency;
			target = C4A573ED2ACC81B0009D16DA /* RandomUser */;
			targetProxy = C4A574052ACC81B1009D16DA /* PBXContainerItemProxy */;
		};
		C4A574102ACC81B1009D16DA /* PBXTargetDependency */ = {
			isa = PBXTargetDependency;
			target = C4A573ED2ACC81B0009D16DA /* RandomUser */;
			targetProxy = C4A5740F2ACC81B1009D16DA /* PBXContainerItemProxy */;
		};
/* End PBXTargetDependency section */

/* Begin PBXVariantGroup section */
		C4A573FC2ACC81B1009D16DA /* LaunchScreen.storyboard */ = {
			isa = PBXVariantGroup;
			children = (
				C4A573FD2ACC81B1009D16DA /* Base */,
			);
			name = LaunchScreen.storyboard;
			sourceTree = "<group>";
		};
/* End PBXVariantGroup section */

/* Begin XCBuildConfiguration section */
		C4A574162ACC81B1009D16DA /* Debug */ = {
			isa = XCBuildConfiguration;
			buildSettings = {
				ALWAYS_SEARCH_USER_PATHS = NO;
				CLANG_ANALYZER_NONNULL = YES;
				CLANG_ANALYZER_NUMBER_OBJECT_CONVERSION = YES_AGGRESSIVE;
				CLANG_CXX_LANGUAGE_STANDARD = "gnu++20";
				CLANG_ENABLE_MODULES = YES;
				CLANG_ENABLE_OBJC_ARC = YES;
				CLANG_ENABLE_OBJC_WEAK = YES;
				CLANG_WARN_BLOCK_CAPTURE_AUTORELEASING = YES;
				CLANG_WARN_BOOL_CONVERSION = YES;
				CLANG_WARN_COMMA = YES;
				CLANG_WARN_CONSTANT_CONVERSION = YES;
				CLANG_WARN_DEPRECATED_OBJC_IMPLEMENTATIONS = YES;
				CLANG_WARN_DIRECT_OBJC_ISA_USAGE = YES_ERROR;
				CLANG_WARN_DOCUMENTATION_COMMENTS = YES;
				CLANG_WARN_EMPTY_BODY = YES;
				CLANG_WARN_ENUM_CONVERSION = YES;
				CLANG_WARN_INFINITE_RECURSION = YES;
				CLANG_WARN_INT_CONVERSION = YES;
				CLANG_WARN_NON_LITERAL_NULL_CONVERSION = YES;
				CLANG_WARN_OBJC_IMPLICIT_RETAIN_SELF = YES;
				CLANG_WARN_OBJC_LITERAL_CONVERSION = YES;
				CLANG_WARN_OBJC_ROOT_CLASS = YES_ERROR;
				CLANG_WARN_QUOTED_INCLUDE_IN_FRAMEWORK_HEADER = YES;
				CLANG_WARN_RANGE_LOOP_ANALYSIS = YES;
				CLANG_WARN_STRICT_PROTOTYPES = YES;
				CLANG_WARN_SUSPICIOUS_MOVE = YES;
				CLANG_WARN_UNGUARDED_AVAILABILITY = YES_AGGRESSIVE;
				CLANG_WARN_UNREACHABLE_CODE = YES;
				CLANG_WARN__DUPLICATE_METHOD_MATCH = YES;
				COPY_PHASE_STRIP = NO;
				DEBUG_INFORMATION_FORMAT = dwarf;
				ENABLE_STRICT_OBJC_MSGSEND = YES;
				ENABLE_TESTABILITY = YES;
				GCC_C_LANGUAGE_STANDARD = gnu11;
				GCC_DYNAMIC_NO_PIC = NO;
				GCC_NO_COMMON_BLOCKS = YES;
				GCC_OPTIMIZATION_LEVEL = 0;
				GCC_PREPROCESSOR_DEFINITIONS = (
					"DEBUG=1",
					"$(inherited)",
				);
				GCC_WARN_64_TO_32_BIT_CONVERSION = YES;
				GCC_WARN_ABOUT_RETURN_TYPE = YES_ERROR;
				GCC_WARN_UNDECLARED_SELECTOR = YES;
				GCC_WARN_UNINITIALIZED_AUTOS = YES_AGGRESSIVE;
				GCC_WARN_UNUSED_FUNCTION = YES;
				GCC_WARN_UNUSED_VARIABLE = YES;
				IPHONEOS_DEPLOYMENT_TARGET = 16.1;
				MTL_ENABLE_DEBUG_INFO = INCLUDE_SOURCE;
				MTL_FAST_MATH = YES;
				ONLY_ACTIVE_ARCH = YES;
				SDKROOT = iphoneos;
				SWIFT_ACTIVE_COMPILATION_CONDITIONS = DEBUG;
				SWIFT_OPTIMIZATION_LEVEL = "-Onone";
			};
			name = Debug;
		};
		C4A574172ACC81B1009D16DA /* Release */ = {
			isa = XCBuildConfiguration;
			buildSettings = {
				ALWAYS_SEARCH_USER_PATHS = NO;
				CLANG_ANALYZER_NONNULL = YES;
				CLANG_ANALYZER_NUMBER_OBJECT_CONVERSION = YES_AGGRESSIVE;
				CLANG_CXX_LANGUAGE_STANDARD = "gnu++20";
				CLANG_ENABLE_MODULES = YES;
				CLANG_ENABLE_OBJC_ARC = YES;
				CLANG_ENABLE_OBJC_WEAK = YES;
				CLANG_WARN_BLOCK_CAPTURE_AUTORELEASING = YES;
				CLANG_WARN_BOOL_CONVERSION = YES;
				CLANG_WARN_COMMA = YES;
				CLANG_WARN_CONSTANT_CONVERSION = YES;
				CLANG_WARN_DEPRECATED_OBJC_IMPLEMENTATIONS = YES;
				CLANG_WARN_DIRECT_OBJC_ISA_USAGE = YES_ERROR;
				CLANG_WARN_DOCUMENTATION_COMMENTS = YES;
				CLANG_WARN_EMPTY_BODY = YES;
				CLANG_WARN_ENUM_CONVERSION = YES;
				CLANG_WARN_INFINITE_RECURSION = YES;
				CLANG_WARN_INT_CONVERSION = YES;
				CLANG_WARN_NON_LITERAL_NULL_CONVERSION = YES;
				CLANG_WARN_OBJC_IMPLICIT_RETAIN_SELF = YES;
				CLANG_WARN_OBJC_LITERAL_CONVERSION = YES;
				CLANG_WARN_OBJC_ROOT_CLASS = YES_ERROR;
				CLANG_WARN_QUOTED_INCLUDE_IN_FRAMEWORK_HEADER = YES;
				CLANG_WARN_RANGE_LOOP_ANALYSIS = YES;
				CLANG_WARN_STRICT_PROTOTYPES = YES;
				CLANG_WARN_SUSPICIOUS_MOVE = YES;
				CLANG_WARN_UNGUARDED_AVAILABILITY = YES_AGGRESSIVE;
				CLANG_WARN_UNREACHABLE_CODE = YES;
				CLANG_WARN__DUPLICATE_METHOD_MATCH = YES;
				COPY_PHASE_STRIP = NO;
				DEBUG_INFORMATION_FORMAT = "dwarf-with-dsym";
				ENABLE_NS_ASSERTIONS = NO;
				ENABLE_STRICT_OBJC_MSGSEND = YES;
				GCC_C_LANGUAGE_STANDARD = gnu11;
				GCC_NO_COMMON_BLOCKS = YES;
				GCC_WARN_64_TO_32_BIT_CONVERSION = YES;
				GCC_WARN_ABOUT_RETURN_TYPE = YES_ERROR;
				GCC_WARN_UNDECLARED_SELECTOR = YES;
				GCC_WARN_UNINITIALIZED_AUTOS = YES_AGGRESSIVE;
				GCC_WARN_UNUSED_FUNCTION = YES;
				GCC_WARN_UNUSED_VARIABLE = YES;
				IPHONEOS_DEPLOYMENT_TARGET = 16.1;
				MTL_ENABLE_DEBUG_INFO = NO;
				MTL_FAST_MATH = YES;
				SDKROOT = iphoneos;
				SWIFT_COMPILATION_MODE = wholemodule;
				SWIFT_OPTIMIZATION_LEVEL = "-O";
				VALIDATE_PRODUCT = YES;
			};
			name = Release;
		};
		C4A574192ACC81B1009D16DA /* Debug */ = {
			isa = XCBuildConfiguration;
			buildSettings = {
				ASSETCATALOG_COMPILER_APPICON_NAME = AppIcon;
				ASSETCATALOG_COMPILER_GLOBAL_ACCENT_COLOR_NAME = AccentColor;
				CODE_SIGN_STYLE = Automatic;
				CURRENT_PROJECT_VERSION = 1;
				DEVELOPMENT_TEAM = GBSQU2F8M9;
				GENERATE_INFOPLIST_FILE = YES;
				INFOPLIST_FILE = RandomUser/Info.plist;
				INFOPLIST_KEY_UIApplicationSupportsIndirectInputEvents = YES;
				INFOPLIST_KEY_UILaunchStoryboardName = LaunchScreen;
				INFOPLIST_KEY_UIMainStoryboardFile = Main;
				INFOPLIST_KEY_UISupportedInterfaceOrientations_iPad = "UIInterfaceOrientationPortrait UIInterfaceOrientationPortraitUpsideDown UIInterfaceOrientationLandscapeLeft UIInterfaceOrientationLandscapeRight";
				INFOPLIST_KEY_UISupportedInterfaceOrientations_iPhone = "UIInterfaceOrientationPortrait UIInterfaceOrientationLandscapeLeft UIInterfaceOrientationLandscapeRight";
				IPHONEOS_DEPLOYMENT_TARGET = 13.0;
				LD_RUNPATH_SEARCH_PATHS = (
					"$(inherited)",
					"@executable_path/Frameworks",
				);
				MARKETING_VERSION = 1.0;
				PRODUCT_BUNDLE_IDENTIFIER = com.pick.RandomUser;
				PRODUCT_NAME = "$(TARGET_NAME)";
				SWIFT_EMIT_LOC_STRINGS = YES;
				SWIFT_VERSION = 5.0;
				TARGETED_DEVICE_FAMILY = "1,2";
			};
			name = Debug;
		};
		C4A5741A2ACC81B1009D16DA /* Release */ = {
			isa = XCBuildConfiguration;
			buildSettings = {
				ASSETCATALOG_COMPILER_APPICON_NAME = AppIcon;
				ASSETCATALOG_COMPILER_GLOBAL_ACCENT_COLOR_NAME = AccentColor;
				CODE_SIGN_STYLE = Automatic;
				CURRENT_PROJECT_VERSION = 1;
				DEVELOPMENT_TEAM = GBSQU2F8M9;
				GENERATE_INFOPLIST_FILE = YES;
				INFOPLIST_FILE = RandomUser/Info.plist;
				INFOPLIST_KEY_UIApplicationSupportsIndirectInputEvents = YES;
				INFOPLIST_KEY_UILaunchStoryboardName = LaunchScreen;
				INFOPLIST_KEY_UIMainStoryboardFile = Main;
				INFOPLIST_KEY_UISupportedInterfaceOrientations_iPad = "UIInterfaceOrientationPortrait UIInterfaceOrientationPortraitUpsideDown UIInterfaceOrientationLandscapeLeft UIInterfaceOrientationLandscapeRight";
				INFOPLIST_KEY_UISupportedInterfaceOrientations_iPhone = "UIInterfaceOrientationPortrait UIInterfaceOrientationLandscapeLeft UIInterfaceOrientationLandscapeRight";
				IPHONEOS_DEPLOYMENT_TARGET = 13.0;
				LD_RUNPATH_SEARCH_PATHS = (
					"$(inherited)",
					"@executable_path/Frameworks",
				);
				MARKETING_VERSION = 1.0;
				PRODUCT_BUNDLE_IDENTIFIER = com.pick.RandomUser;
				PRODUCT_NAME = "$(TARGET_NAME)";
				SWIFT_EMIT_LOC_STRINGS = YES;
				SWIFT_VERSION = 5.0;
				TARGETED_DEVICE_FAMILY = "1,2";
			};
			name = Release;
		};
		C4A5741C2ACC81B1009D16DA /* Debug */ = {
			isa = XCBuildConfiguration;
			buildSettings = {
				ALWAYS_EMBED_SWIFT_STANDARD_LIBRARIES = YES;
				BUNDLE_LOADER = "$(TEST_HOST)";
				CODE_SIGN_STYLE = Automatic;
				CURRENT_PROJECT_VERSION = 1;
				DEVELOPMENT_TEAM = GBSQU2F8M9;
				GENERATE_INFOPLIST_FILE = YES;
				IPHONEOS_DEPLOYMENT_TARGET = 16.1;
				MARKETING_VERSION = 1.0;
				PRODUCT_BUNDLE_IDENTIFIER = com.pick.RandomUserTests;
				PRODUCT_NAME = "$(TARGET_NAME)";
				SWIFT_EMIT_LOC_STRINGS = NO;
				SWIFT_VERSION = 5.0;
				TARGETED_DEVICE_FAMILY = "1,2";
				TEST_HOST = "$(BUILT_PRODUCTS_DIR)/RandomUser.app/$(BUNDLE_EXECUTABLE_FOLDER_PATH)/RandomUser";
			};
			name = Debug;
		};
		C4A5741D2ACC81B1009D16DA /* Release */ = {
			isa = XCBuildConfiguration;
			buildSettings = {
				ALWAYS_EMBED_SWIFT_STANDARD_LIBRARIES = YES;
				BUNDLE_LOADER = "$(TEST_HOST)";
				CODE_SIGN_STYLE = Automatic;
				CURRENT_PROJECT_VERSION = 1;
				DEVELOPMENT_TEAM = GBSQU2F8M9;
				GENERATE_INFOPLIST_FILE = YES;
				IPHONEOS_DEPLOYMENT_TARGET = 16.1;
				MARKETING_VERSION = 1.0;
				PRODUCT_BUNDLE_IDENTIFIER = com.pick.RandomUserTests;
				PRODUCT_NAME = "$(TARGET_NAME)";
				SWIFT_EMIT_LOC_STRINGS = NO;
				SWIFT_VERSION = 5.0;
				TARGETED_DEVICE_FAMILY = "1,2";
				TEST_HOST = "$(BUILT_PRODUCTS_DIR)/RandomUser.app/$(BUNDLE_EXECUTABLE_FOLDER_PATH)/RandomUser";
			};
			name = Release;
		};
		C4A5741F2ACC81B1009D16DA /* Debug */ = {
			isa = XCBuildConfiguration;
			buildSettings = {
				ALWAYS_EMBED_SWIFT_STANDARD_LIBRARIES = YES;
				CODE_SIGN_STYLE = Automatic;
				CURRENT_PROJECT_VERSION = 1;
				DEVELOPMENT_TEAM = GBSQU2F8M9;
				GENERATE_INFOPLIST_FILE = YES;
				MARKETING_VERSION = 1.0;
				PRODUCT_BUNDLE_IDENTIFIER = com.pick.RandomUserUITests;
				PRODUCT_NAME = "$(TARGET_NAME)";
				SWIFT_EMIT_LOC_STRINGS = NO;
				SWIFT_VERSION = 5.0;
				TARGETED_DEVICE_FAMILY = "1,2";
				TEST_TARGET_NAME = RandomUser;
			};
			name = Debug;
		};
		C4A574202ACC81B1009D16DA /* Release */ = {
			isa = XCBuildConfiguration;
			buildSettings = {
				ALWAYS_EMBED_SWIFT_STANDARD_LIBRARIES = YES;
				CODE_SIGN_STYLE = Automatic;
				CURRENT_PROJECT_VERSION = 1;
				DEVELOPMENT_TEAM = GBSQU2F8M9;
				GENERATE_INFOPLIST_FILE = YES;
				MARKETING_VERSION = 1.0;
				PRODUCT_BUNDLE_IDENTIFIER = com.pick.RandomUserUITests;
				PRODUCT_NAME = "$(TARGET_NAME)";
				SWIFT_EMIT_LOC_STRINGS = NO;
				SWIFT_VERSION = 5.0;
				TARGETED_DEVICE_FAMILY = "1,2";
				TEST_TARGET_NAME = RandomUser;
			};
			name = Release;
		};
/* End XCBuildConfiguration section */

/* Begin XCConfigurationList section */
		C4A573E92ACC81B0009D16DA /* Build configuration list for PBXProject "RandomUser" */ = {
			isa = XCConfigurationList;
			buildConfigurations = (
				C4A574162ACC81B1009D16DA /* Debug */,
				C4A574172ACC81B1009D16DA /* Release */,
			);
			defaultConfigurationIsVisible = 0;
			defaultConfigurationName = Release;
		};
		C4A574182ACC81B1009D16DA /* Build configuration list for PBXNativeTarget "RandomUser" */ = {
			isa = XCConfigurationList;
			buildConfigurations = (
				C4A574192ACC81B1009D16DA /* Debug */,
				C4A5741A2ACC81B1009D16DA /* Release */,
			);
			defaultConfigurationIsVisible = 0;
			defaultConfigurationName = Release;
		};
		C4A5741B2ACC81B1009D16DA /* Build configuration list for PBXNativeTarget "RandomUserTests" */ = {
			isa = XCConfigurationList;
			buildConfigurations = (
				C4A5741C2ACC81B1009D16DA /* Debug */,
				C4A5741D2ACC81B1009D16DA /* Release */,
			);
			defaultConfigurationIsVisible = 0;
			defaultConfigurationName = Release;
		};
		C4A5741E2ACC81B1009D16DA /* Build configuration list for PBXNativeTarget "RandomUserUITests" */ = {
			isa = XCConfigurationList;
			buildConfigurations = (
				C4A5741F2ACC81B1009D16DA /* Debug */,
				C4A574202ACC81B1009D16DA /* Release */,
			);
			defaultConfigurationIsVisible = 0;
			defaultConfigurationName = Release;
		};
/* End XCConfigurationList section */

/* Begin XCRemoteSwiftPackageReference section */
		C4A5742E2ACC8484009D16DA /* XCRemoteSwiftPackageReference "SnapKit" */ = {
			isa = XCRemoteSwiftPackageReference;
			repositoryURL = "https://github.com/SnapKit/SnapKit.git";
			requirement = {
				kind = upToNextMajorVersion;
				minimumVersion = 5.6.0;
			};
		};
		C4A574312ACC84A6009D16DA /* XCRemoteSwiftPackageReference "RxSwift" */ = {
			isa = XCRemoteSwiftPackageReference;
			repositoryURL = "https://github.com/ReactiveX/RxSwift.git";
			requirement = {
				kind = upToNextMajorVersion;
				minimumVersion = 6.6.0;
			};
		};
		C4A574382ACC84C7009D16DA /* XCRemoteSwiftPackageReference "Alamofire" */ = {
			isa = XCRemoteSwiftPackageReference;
			repositoryURL = "https://github.com/Alamofire/Alamofire.git";
			requirement = {
				kind = upToNextMajorVersion;
				minimumVersion = 5.8.0;
			};
		};
		C4A5743B2ACC84DC009D16DA /* XCRemoteSwiftPackageReference "Then" */ = {
			isa = XCRemoteSwiftPackageReference;
			repositoryURL = "https://github.com/devxoul/Then";
			requirement = {
				kind = upToNextMajorVersion;
				minimumVersion = 2.0.0;
			};
		};
		C4A5743E2ACC8505009D16DA /* XCRemoteSwiftPackageReference "Kingfisher" */ = {
			isa = XCRemoteSwiftPackageReference;
			repositoryURL = "https://github.com/onevcat/Kingfisher.git";
			requirement = {
				kind = upToNextMajorVersion;
				minimumVersion = 7.0.0;
			};
		};
/* End XCRemoteSwiftPackageReference section */

/* Begin XCSwiftPackageProductDependency section */
		C4A5742F2ACC8484009D16DA /* SnapKit */ = {
			isa = XCSwiftPackageProductDependency;
			package = C4A5742E2ACC8484009D16DA /* XCRemoteSwiftPackageReference "SnapKit" */;
			productName = SnapKit;
		};
		C4A574322ACC84A6009D16DA /* RxCocoa */ = {
			isa = XCSwiftPackageProductDependency;
			package = C4A574312ACC84A6009D16DA /* XCRemoteSwiftPackageReference "RxSwift" */;
			productName = RxCocoa;
		};
		C4A574342ACC84A6009D16DA /* RxRelay */ = {
			isa = XCSwiftPackageProductDependency;
			package = C4A574312ACC84A6009D16DA /* XCRemoteSwiftPackageReference "RxSwift" */;
			productName = RxRelay;
		};
		C4A574362ACC84A6009D16DA /* RxSwift */ = {
			isa = XCSwiftPackageProductDependency;
			package = C4A574312ACC84A6009D16DA /* XCRemoteSwiftPackageReference "RxSwift" */;
			productName = RxSwift;
		};
		C4A574392ACC84C7009D16DA /* Alamofire */ = {
			isa = XCSwiftPackageProductDependency;
			package = C4A574382ACC84C7009D16DA /* XCRemoteSwiftPackageReference "Alamofire" */;
			productName = Alamofire;
		};
		C4A5743C2ACC84DC009D16DA /* Then */ = {
			isa = XCSwiftPackageProductDependency;
			package = C4A5743B2ACC84DC009D16DA /* XCRemoteSwiftPackageReference "Then" */;
			productName = Then;
		};
		C4A5743F2ACC8505009D16DA /* Kingfisher */ = {
			isa = XCSwiftPackageProductDependency;
			package = C4A5743E2ACC8505009D16DA /* XCRemoteSwiftPackageReference "Kingfisher" */;
			productName = Kingfisher;
		};
/* End XCSwiftPackageProductDependency section */
	};
	rootObject = C4A573E62ACC81B0009D16DA /* Project object */;
}
